<?xml version="1.0" encoding="utf-8"?>
<Project ToolsVersion="4.0" xmlns="http://schemas.microsoft.com/developer/msbuild/2003">
  <ItemGroup>
    <Filter Include="Source Files">
      <UniqueIdentifier>{7600ee75-32a4-4cd5-a88b-59200c6d519a}</UniqueIdentifier>
    </Filter>
  </ItemGroup>
  <ItemGroup>
    <Text Include="ReadMe.txt" />
    <Text Include="Sample.txt" />
  </ItemGroup>
  <ItemGroup>
    <ClInclude Include="stdafx.h" />
    <ClInclude Include="WPAHelper.h" />
    <ClInclude Include="english\WPAHelpertext.h" />
  </ItemGroup>
  <ItemGroup>
    <ClCompile Include="WPAHelper.cpp" />
  </ItemGroup>
  <ItemGroup>
    <None Include="WPAHelper.mke" />
    <None Include="WPAHelper.r" />
    <None Include="WPAHelperCmd.r" />
    <None Include="WPAHelperdlg.r" />
    <None Include="english\WPAHelpermsg.r" />
  </ItemGroup>
</Project>